
Microsoft Visual Studio Solution File, Format Version 12.00
# Visual Studio Version 17
VisualStudioVersion = 17.6.33815.320
MinimumVisualStudioVersion = 10.0.40219.1
Project("{FAE04EC0-301F-11D3-BF4B-00C04F79EFBC}") = "StockBuingHelper.Web", "StockBuingHelper.Web\StockBuingHelper.Web.csproj", "{F2C3A16E-960F-460C-8C1C-17AAFA3BC18F}"
EndProject
Project("{FAE04EC0-301F-11D3-BF4B-00C04F79EFBC}") = "StockBuyingHelper.Service", "StockBuyingHelper.Service\StockBuyingHelper.Service.csproj", "{13181EF0-E7CD-441E-8680-D4AE727BE797}"
EndProject
Global
	GlobalSection(SolutionConfigurationPlatforms) = preSolution
		Debug|Any CPU = Debug|Any CPU
		Release|Any CPU = Release|Any CPU
	EndGlobalSection
	GlobalSection(ProjectConfigurationPlatforms) = postSolution
		{F2C3A16E-960F-460C-8C1C-17AAFA3BC18F}.Debug|Any CPU.ActiveCfg = Debug|Any CPU
		{F2C3A16E-960F-460C-8C1C-17AAFA3BC18F}.Debug|Any CPU.Build.0 = Debug|Any CPU
		{F2C3A16E-960F-460C-8C1C-17AAFA3BC18F}.Release|Any CPU.ActiveCfg = Release|Any CPU
		{F2C3A16E-960F-460C-8C1C-17AAFA3BC18F}.Release|Any CPU.Build.0 = Release|Any CPU
		{13181EF0-E7CD-441E-8680-D4AE727BE797}.Debug|Any CPU.ActiveCfg = Debug|Any CPU
		{13181EF0-E7CD-441E-8680-D4AE727BE797}.Debug|Any CPU.Build.0 = Debug|Any CPU
		{13181EF0-E7CD-441E-8680-D4AE727BE797}.Release|Any CPU.ActiveCfg = Release|Any CPU
		{13181EF0-E7CD-441E-8680-D4AE727BE797}.Release|Any CPU.Build.0 = Release|Any CPU
	EndGlobalSection
	GlobalSection(SolutionProperties) = preSolution
		HideSolutionNode = FALSE
	EndGlobalSection
	GlobalSection(ExtensibilityGlobals) = postSolution
		SolutionGuid = {26CC150F-8CBB-4CC1-A4AB-CC43394B5CC4}
	EndGlobalSection
EndGlobal
